
Microsoft Visual Studio Solution File, Format Version 12.00
# Visual Studio Version 16
VisualStudioVersion = 16.0.30204.135
MinimumVisualStudioVersion = 10.0.40219.1
Project("{9A19103F-16F7-4668-BE54-9A1E7A4F7556}") = "ZL.AbpNext.Poem.ConsoleClient", "ZL.AbpNext.Poem.ConsoleClient\ZL.AbpNext.Poem.ConsoleClient.csproj", "{9FF04D4B-A591-4106-B940-D1683D69F058}"
EndProject
Project("{9A19103F-16F7-4668-BE54-9A1E7A4F7556}") = "ZL.AbpNext.Poem.Core", "ZL.AbpNext.Poem.Core\ZL.AbpNext.Poem.Core.csproj", "{5199E3E0-DCC6-4CE5-9C4F-9D3D051319A2}"
EndProject
Project("{9A19103F-16F7-4668-BE54-9A1E7A4F7556}") = "ZL.AbpNext.Poem.EF", "ZL.AbpNext.Poem.EF\ZL.AbpNext.Poem.EF.csproj", "{3EFC6B52-137F-4D53-ACA7-C507D21E3D40}"
EndProject
Project("{9A19103F-16F7-4668-BE54-9A1E7A4F7556}") = "ZL.AbpNext.Poem.Application", "ZL.AbpNext.Poem.Application\ZL.AbpNext.Poem.Application.csproj", "{1A39979F-7422-40A2-9968-7CFFCC9BD022}"
EndProject
Project("{9A19103F-16F7-4668-BE54-9A1E7A4F7556}") = "ZL.AbpNext.Poem.Application.Test", "ZL.AbpNext.Poem.Application.Test\ZL.AbpNext.Poem.Application.Test.csproj", "{62706FE8-631B-4A8B-A735-6B5A8B5C183E}"
EndProject
Project("{2150E333-8FDC-42A3-9474-1A3956D46DE8}") = "Test", "Test", "{819786E6-95DA-4D76-93B5-1B6122789121}"
EndProject
Global
	GlobalSection(SolutionConfigurationPlatforms) = preSolution
		Debug|Any CPU = Debug|Any CPU
		Release|Any CPU = Release|Any CPU
	EndGlobalSection
	GlobalSection(ProjectConfigurationPlatforms) = postSolution
		{9FF04D4B-A591-4106-B940-D1683D69F058}.Debug|Any CPU.ActiveCfg = Debug|Any CPU
		{9FF04D4B-A591-4106-B940-D1683D69F058}.Debug|Any CPU.Build.0 = Debug|Any CPU
		{9FF04D4B-A591-4106-B940-D1683D69F058}.Release|Any CPU.ActiveCfg = Release|Any CPU
		{9FF04D4B-A591-4106-B940-D1683D69F058}.Release|Any CPU.Build.0 = Release|Any CPU
		{5199E3E0-DCC6-4CE5-9C4F-9D3D051319A2}.Debug|Any CPU.ActiveCfg = Debug|Any CPU
		{5199E3E0-DCC6-4CE5-9C4F-9D3D051319A2}.Debug|Any CPU.Build.0 = Debug|Any CPU
		{5199E3E0-DCC6-4CE5-9C4F-9D3D051319A2}.Release|Any CPU.ActiveCfg = Release|Any CPU
		{5199E3E0-DCC6-4CE5-9C4F-9D3D051319A2}.Release|Any CPU.Build.0 = Release|Any CPU
		{3EFC6B52-137F-4D53-ACA7-C507D21E3D40}.Debug|Any CPU.ActiveCfg = Debug|Any CPU
		{3EFC6B52-137F-4D53-ACA7-C507D21E3D40}.Debug|Any CPU.Build.0 = Debug|Any CPU
		{3EFC6B52-137F-4D53-ACA7-C507D21E3D40}.Release|Any CPU.ActiveCfg = Release|Any CPU
		{3EFC6B52-137F-4D53-ACA7-C507D21E3D40}.Release|Any CPU.Build.0 = Release|Any CPU
		{1A39979F-7422-40A2-9968-7CFFCC9BD022}.Debug|Any CPU.ActiveCfg = Debug|Any CPU
		{1A39979F-7422-40A2-9968-7CFFCC9BD022}.Debug|Any CPU.Build.0 = Debug|Any CPU
		{1A39979F-7422-40A2-9968-7CFFCC9BD022}.Release|Any CPU.ActiveCfg = Release|Any CPU
		{1A39979F-7422-40A2-9968-7CFFCC9BD022}.Release|Any CPU.Build.0 = Release|Any CPU
		{62706FE8-631B-4A8B-A735-6B5A8B5C183E}.Debug|Any CPU.ActiveCfg = Debug|Any CPU
		{62706FE8-631B-4A8B-A735-6B5A8B5C183E}.Debug|Any CPU.Build.0 = Debug|Any CPU
		{62706FE8-631B-4A8B-A735-6B5A8B5C183E}.Release|Any CPU.ActiveCfg = Release|Any CPU
		{62706FE8-631B-4A8B-A735-6B5A8B5C183E}.Release|Any CPU.Build.0 = Release|Any CPU
	EndGlobalSection
	GlobalSection(SolutionProperties) = preSolution
		HideSolutionNode = FALSE
	EndGlobalSection
	GlobalSection(NestedProjects) = preSolution
		{62706FE8-631B-4A8B-A735-6B5A8B5C183E} = {819786E6-95DA-4D76-93B5-1B6122789121}
	EndGlobalSection
	GlobalSection(ExtensibilityGlobals) = postSolution
		SolutionGuid = {F1A64067-10E3-43FC-AB07-A3D6F1049BDF}
	EndGlobalSection
EndGlobal
