
Microsoft Visual Studio Solution File, Format Version 12.00
# Visual Studio Version 16
VisualStudioVersion = 16.0.30204.135
MinimumVisualStudioVersion = 10.0.40219.1
Project("{FAE04EC0-301F-11D3-BF4B-00C04F79EFBC}") = "ZL.AbpNext.Poem.ConsoleClient", "ZL.AbpNext.Poem.ConsoleClient\ZL.AbpNext.Poem.ConsoleClient.csproj", "{9FF04D4B-A591-4106-B940-D1683D69F058}"
EndProject
Project("{FAE04EC0-301F-11D3-BF4B-00C04F79EFBC}") = "ZL.AbpNext.Poem.Core", "ZL.AbpNext.Poem.Core\ZL.AbpNext.Poem.Core.csproj", "{5199E3E0-DCC6-4CE5-9C4F-9D3D051319A2}"
EndProject
Project("{FAE04EC0-301F-11D3-BF4B-00C04F79EFBC}") = "ZL.AbpNext.Poem.EF", "ZL.AbpNext.Poem.EF\ZL.AbpNext.Poem.EF.csproj", "{3EFC6B52-137F-4D53-ACA7-C507D21E3D40}"
EndProject
Global
	GlobalSection(SolutionConfigurationPlatforms) = preSolution
		Debug|Any CPU = Debug|Any CPU
		Release|Any CPU = Release|Any CPU
	EndGlobalSection
	GlobalSection(ProjectConfigurationPlatforms) = postSolution
		{9FF04D4B-A591-4106-B940-D1683D69F058}.Debug|Any CPU.ActiveCfg = Debug|Any CPU
		{9FF04D4B-A591-4106-B940-D1683D69F058}.Debug|Any CPU.Build.0 = Debug|Any CPU
		{9FF04D4B-A591-4106-B940-D1683D69F058}.Release|Any CPU.ActiveCfg = Release|Any CPU
		{9FF04D4B-A591-4106-B940-D1683D69F058}.Release|Any CPU.Build.0 = Release|Any CPU
		{5199E3E0-DCC6-4CE5-9C4F-9D3D051319A2}.Debug|Any CPU.ActiveCfg = Debug|Any CPU
		{5199E3E0-DCC6-4CE5-9C4F-9D3D051319A2}.Debug|Any CPU.Build.0 = Debug|Any CPU
		{5199E3E0-DCC6-4CE5-9C4F-9D3D051319A2}.Release|Any CPU.ActiveCfg = Release|Any CPU
		{5199E3E0-DCC6-4CE5-9C4F-9D3D051319A2}.Release|Any CPU.Build.0 = Release|Any CPU
		{3EFC6B52-137F-4D53-ACA7-C507D21E3D40}.Debug|Any CPU.ActiveCfg = Debug|Any CPU
		{3EFC6B52-137F-4D53-ACA7-C507D21E3D40}.Debug|Any CPU.Build.0 = Debug|Any CPU
		{3EFC6B52-137F-4D53-ACA7-C507D21E3D40}.Release|Any CPU.ActiveCfg = Release|Any CPU
		{3EFC6B52-137F-4D53-ACA7-C507D21E3D40}.Release|Any CPU.Build.0 = Release|Any CPU
	EndGlobalSection
	GlobalSection(SolutionProperties) = preSolution
		HideSolutionNode = FALSE
	EndGlobalSection
	GlobalSection(ExtensibilityGlobals) = postSolution
		SolutionGuid = {F1A64067-10E3-43FC-AB07-A3D6F1049BDF}
	EndGlobalSection
EndGlobal
